
Microsoft Visual Studio Solution File, Format Version 12.00
# Visual Studio Version 17
VisualStudioVersion = 17.14.36511.14
MinimumVisualStudioVersion = 10.0.40219.1
Project("{FAE04EC0-301F-11D3-BF4B-00C04F79EFBC}") = "ProductionPlanning", "EPPS_Project\ProductionPlanning.csproj", "{022F9990-04AF-01DB-26A7-07A13C8F7DDF}"
EndProject
Global
	GlobalSection(SolutionConfigurationPlatforms) = preSolution
		Debug|Any CPU = Debug|Any CPU
		Release|Any CPU = Release|Any CPU
	EndGlobalSection
	GlobalSection(ProjectConfigurationPlatforms) = postSolution
		{022F9990-04AF-01DB-26A7-07A13C8F7DDF}.Debug|Any CPU.ActiveCfg = Debug|Any CPU
		{022F9990-04AF-01DB-26A7-07A13C8F7DDF}.Debug|Any CPU.Build.0 = Debug|Any CPU
		{022F9990-04AF-01DB-26A7-07A13C8F7DDF}.Release|Any CPU.ActiveCfg = Release|Any CPU
		{022F9990-04AF-01DB-26A7-07A13C8F7DDF}.Release|Any CPU.Build.0 = Release|Any CPU
	EndGlobalSection
	GlobalSection(SolutionProperties) = preSolution
		HideSolutionNode = FALSE
	EndGlobalSection
	GlobalSection(ExtensibilityGlobals) = postSolution
		SolutionGuid = {EB588F91-CEB3-4AF6-9418-DDE7C27C3340}
	EndGlobalSection
EndGlobal
